
Microsoft Visual Studio Solution File, Format Version 12.00
# Visual Studio Version 16
VisualStudioVersion = 16.0.29613.14
MinimumVisualStudioVersion = 10.0.40219.1
Project("{FAE04EC0-301F-11D3-BF4B-00C04F79EFBC}") = "App2_Calc", "App2_Calc\App2_Calc.csproj", "{80ED4225-0D06-4860-8ACC-92115B10F12B}"
EndProject
Global
	GlobalSection(SolutionConfigurationPlatforms) = preSolution
		Debug|Any CPU = Debug|Any CPU
		Release|Any CPU = Release|Any CPU
	EndGlobalSection
	GlobalSection(ProjectConfigurationPlatforms) = postSolution
		{80ED4225-0D06-4860-8ACC-92115B10F12B}.Debug|Any CPU.ActiveCfg = Debug|Any CPU
		{80ED4225-0D06-4860-8ACC-92115B10F12B}.Debug|Any CPU.Build.0 = Debug|Any CPU
		{80ED4225-0D06-4860-8ACC-92115B10F12B}.Release|Any CPU.ActiveCfg = Release|Any CPU
		{80ED4225-0D06-4860-8ACC-92115B10F12B}.Release|Any CPU.Build.0 = Release|Any CPU
	EndGlobalSection
	GlobalSection(SolutionProperties) = preSolution
		HideSolutionNode = FALSE
	EndGlobalSection
	GlobalSection(ExtensibilityGlobals) = postSolution
		SolutionGuid = {D1153D15-D48E-4651-A4F3-55E23714A705}
	EndGlobalSection
EndGlobal
